
Microsoft Visual Studio Solution File, Format Version 12.00
# Visual Studio Version 16
VisualStudioVersion = 16.0.28803.202
MinimumVisualStudioVersion = 10.0.40219.1
Project("{FAE04EC0-301F-11D3-BF4B-00C04F79EFBC}") = "QuickBuy.Dominio", "QuickBuy.Dominio\QuickBuy.Dominio.csproj", "{55630F48-EBD6-49CC-ABAD-169CE2D23343}"
EndProject
Project("{FAE04EC0-301F-11D3-BF4B-00C04F79EFBC}") = "QuickBuy.Repositorio", "QuickBuy.Repositorio\QuickBuy.Repositorio.csproj", "{A421EF6B-4804-402A-8BC7-F10252ACAD7A}"
EndProject
Project("{FAE04EC0-301F-11D3-BF4B-00C04F79EFBC}") = "QuickBuy.Web", "QuickBuy.Web\QuickBuy.Web.csproj", "{ED6895D8-BE7B-4D79-B691-84788F6406F8}"
EndProject
Global
	GlobalSection(SolutionConfigurationPlatforms) = preSolution
		Debug|Any CPU = Debug|Any CPU
		Release|Any CPU = Release|Any CPU
	EndGlobalSection
	GlobalSection(ProjectConfigurationPlatforms) = postSolution
		{55630F48-EBD6-49CC-ABAD-169CE2D23343}.Debug|Any CPU.ActiveCfg = Debug|Any CPU
		{55630F48-EBD6-49CC-ABAD-169CE2D23343}.Debug|Any CPU.Build.0 = Debug|Any CPU
		{55630F48-EBD6-49CC-ABAD-169CE2D23343}.Release|Any CPU.ActiveCfg = Release|Any CPU
		{55630F48-EBD6-49CC-ABAD-169CE2D23343}.Release|Any CPU.Build.0 = Release|Any CPU
		{A421EF6B-4804-402A-8BC7-F10252ACAD7A}.Debug|Any CPU.ActiveCfg = Debug|Any CPU
		{A421EF6B-4804-402A-8BC7-F10252ACAD7A}.Debug|Any CPU.Build.0 = Debug|Any CPU
		{A421EF6B-4804-402A-8BC7-F10252ACAD7A}.Release|Any CPU.ActiveCfg = Release|Any CPU
		{A421EF6B-4804-402A-8BC7-F10252ACAD7A}.Release|Any CPU.Build.0 = Release|Any CPU
		{ED6895D8-BE7B-4D79-B691-84788F6406F8}.Debug|Any CPU.ActiveCfg = Debug|Any CPU
		{ED6895D8-BE7B-4D79-B691-84788F6406F8}.Debug|Any CPU.Build.0 = Debug|Any CPU
		{ED6895D8-BE7B-4D79-B691-84788F6406F8}.Release|Any CPU.ActiveCfg = Release|Any CPU
		{ED6895D8-BE7B-4D79-B691-84788F6406F8}.Release|Any CPU.Build.0 = Release|Any CPU
	EndGlobalSection
	GlobalSection(SolutionProperties) = preSolution
		HideSolutionNode = FALSE
	EndGlobalSection
	GlobalSection(ExtensibilityGlobals) = postSolution
		SolutionGuid = {6C210300-1B25-4E63-AF5E-9511B5ACD59A}
	EndGlobalSection
EndGlobal
